
Microsoft Visual Studio Solution File, Format Version 12.00
# Visual Studio Version 17
VisualStudioVersion = 17.1.32210.238
MinimumVisualStudioVersion = 10.0.40219.1
Project("{FAE04EC0-301F-11D3-BF4B-00C04F79EFBC}") = "Activity2_092_A", "Activity2_092_A\Activity2_092_A.csproj", "{3C2CE5A5-53B0-4DAC-8F92-5088993448D2}"
EndProject
Global
	GlobalSection(SolutionConfigurationPlatforms) = preSolution
		Debug|Any CPU = Debug|Any CPU
		Release|Any CPU = Release|Any CPU
	EndGlobalSection
	GlobalSection(ProjectConfigurationPlatforms) = postSolution
		{3C2CE5A5-53B0-4DAC-8F92-5088993448D2}.Debug|Any CPU.ActiveCfg = Debug|Any CPU
		{3C2CE5A5-53B0-4DAC-8F92-5088993448D2}.Debug|Any CPU.Build.0 = Debug|Any CPU
		{3C2CE5A5-53B0-4DAC-8F92-5088993448D2}.Release|Any CPU.ActiveCfg = Release|Any CPU
		{3C2CE5A5-53B0-4DAC-8F92-5088993448D2}.Release|Any CPU.Build.0 = Release|Any CPU
	EndGlobalSection
	GlobalSection(SolutionProperties) = preSolution
		HideSolutionNode = FALSE
	EndGlobalSection
	GlobalSection(ExtensibilityGlobals) = postSolution
		SolutionGuid = {86E535A3-A547-49BD-BAD4-0567A1EEAD5F}
	EndGlobalSection
EndGlobal
